{
  "lockfileVersion": 1,
  "configVersion": 1,
  "workspaces": {
    "": {
      "name": "dstucrypt-algos",
      "dependencies": {
        "dstu7564": "file:../dstu7564",
        "dstu7624": "file:../dstu7624",
        "gost89": "^0.1.11",
      },
    },
  },
  "packages": {
    "base64-js": ["base64-js@1.5.1", "", {}, "sha512-AKpaYlHn8t4SVbOHCy+b5+KKgvR4vrsD8vbvrbiQJps7fKDTkjkDry6ji0rUJjC0kzbNePLwzxq8iypo41qeWA=="],

    "buffer": ["buffer@6.0.3", "", { "dependencies": { "base64-js": "^1.3.1", "ieee754": "^1.2.1" } }, "sha512-FTiCpNxtwiZZHEZbcbTIcZjERVICn9yq/pDFkTl95/AxzD1naBctN7YO68riM/gLSDY7sdrMby8hofADYuuqOA=="],

    "dstu7564": ["dstu7564@file:../dstu7564", {}],

    "dstu7624": ["dstu7624@file:../dstu7624", {}],

    "gost89": ["gost89@0.1.11", "", { "dependencies": { "buffer": ">= 3.0" } }, "sha512-To2TU4EouRMYz8aw/hNJnbAZUbuxyX3d0UsQAsfh3PbrrmVu4uR68ulabmP6O44i+6X9kVBe/TxXfH+OLGgqzg=="],

    "ieee754": ["ieee754@1.2.1", "", {}, "sha512-dcyqhDvX1C46lXZcVqCpK+FtMRQVdIMN6/Df5js2zouUsqG7I6sFxitIC+7KYK29KdXOLHdu9zL4sFnoVQnqaA=="],
  }
}
